
Microsoft Visual Studio Solution File, Format Version 12.00
# Visual Studio 15
VisualStudioVersion = 15.0.28010.2016
MinimumVisualStudioVersion = 10.0.40219.1
Project("{FAE04EC0-301F-11D3-BF4B-00C04F79EFBC}") = "DataAccessLayer", "DataAccessLayer\DataAccessLayer.csproj", "{802A5D72-7806-4126-9081-74B14E4CB36F}"
EndProject
Project("{FAE04EC0-301F-11D3-BF4B-00C04F79EFBC}") = "BusinessLogicLayer", "BusinessAccessLayer\BusinessLogicLayer.csproj", "{5247010F-A609-4503-AE56-DCA2BDB76506}"
EndProject
Project("{FAE04EC0-301F-11D3-BF4B-00C04F79EFBC}") = "WebApiUI", "WebApiUI\WebApiUI.csproj", "{9BDFD8A5-BA36-40DB-A5EF-0838C10BBD09}"
EndProject
Project("{FAE04EC0-301F-11D3-BF4B-00C04F79EFBC}") = "WebApiUI.Tests", "WebApiUI.Tests\WebApiUI.Tests.csproj", "{F2193669-F61C-400E-B218-01EBA657DC9C}"
EndProject
Global
	GlobalSection(SolutionConfigurationPlatforms) = preSolution
		Debug|Any CPU = Debug|Any CPU
		Release|Any CPU = Release|Any CPU
	EndGlobalSection
	GlobalSection(ProjectConfigurationPlatforms) = postSolution
		{802A5D72-7806-4126-9081-74B14E4CB36F}.Debug|Any CPU.ActiveCfg = Debug|Any CPU
		{802A5D72-7806-4126-9081-74B14E4CB36F}.Debug|Any CPU.Build.0 = Debug|Any CPU
		{802A5D72-7806-4126-9081-74B14E4CB36F}.Release|Any CPU.ActiveCfg = Release|Any CPU
		{802A5D72-7806-4126-9081-74B14E4CB36F}.Release|Any CPU.Build.0 = Release|Any CPU
		{5247010F-A609-4503-AE56-DCA2BDB76506}.Debug|Any CPU.ActiveCfg = Debug|Any CPU
		{5247010F-A609-4503-AE56-DCA2BDB76506}.Debug|Any CPU.Build.0 = Debug|Any CPU
		{5247010F-A609-4503-AE56-DCA2BDB76506}.Release|Any CPU.ActiveCfg = Release|Any CPU
		{5247010F-A609-4503-AE56-DCA2BDB76506}.Release|Any CPU.Build.0 = Release|Any CPU
		{9BDFD8A5-BA36-40DB-A5EF-0838C10BBD09}.Debug|Any CPU.ActiveCfg = Debug|Any CPU
		{9BDFD8A5-BA36-40DB-A5EF-0838C10BBD09}.Debug|Any CPU.Build.0 = Debug|Any CPU
		{9BDFD8A5-BA36-40DB-A5EF-0838C10BBD09}.Release|Any CPU.ActiveCfg = Release|Any CPU
		{9BDFD8A5-BA36-40DB-A5EF-0838C10BBD09}.Release|Any CPU.Build.0 = Release|Any CPU
		{F2193669-F61C-400E-B218-01EBA657DC9C}.Debug|Any CPU.ActiveCfg = Debug|Any CPU
		{F2193669-F61C-400E-B218-01EBA657DC9C}.Debug|Any CPU.Build.0 = Debug|Any CPU
		{F2193669-F61C-400E-B218-01EBA657DC9C}.Release|Any CPU.ActiveCfg = Release|Any CPU
		{F2193669-F61C-400E-B218-01EBA657DC9C}.Release|Any CPU.Build.0 = Release|Any CPU
	EndGlobalSection
	GlobalSection(SolutionProperties) = preSolution
		HideSolutionNode = FALSE
	EndGlobalSection
	GlobalSection(ExtensibilityGlobals) = postSolution
		SolutionGuid = {14662CDC-C504-4D99-9CC8-0312EFA5246D}
	EndGlobalSection
EndGlobal
